PODS:
  - Flutter (1.0.0)
  - onnxruntime-c (1.17.1)
  - onnxruntime-objc (1.17.1):
    - onnxruntime-objc/Core (= 1.17.1)
  - onnxruntime-objc/Core (1.17.1):
    - onnxruntime-c (= 1.17.1)
  - path_provider_foundation (0.0.1):
    - Flutter
    - FlutterMacOS
  - tts (1.0.0):
    - Flutter
    - onnxruntime-objc (~> 1.17.1)

DEPENDENCIES:
  - Flutter (from `Flutter`)
  - path_provider_foundation (from `.symlinks/plugins/path_provider_foundation/darwin`)
  - tts (from `.symlinks/plugins/tts/ios`)

SPEC REPOS:
  trunk:
    - onnxruntime-c
    - onnxruntime-objc

EXTERNAL SOURCES:
  Flutter:
    :path: Flutter
  path_provider_foundation:
    :path: ".symlinks/plugins/path_provider_foundation/darwin"
  tts:
    :path: ".symlinks/plugins/tts/ios"

SPEC CHECKSUMS:
  Flutter: e0871f40cf51350855a761d2e70bf5af5b9b5de7
  onnxruntime-c: 58803cb3fcc1fb0a7baa9b16b2bad119d6e3eb78
  onnxruntime-objc: 089530244113a131305642b7e03fa6f8a9ee9ae6
  path_provider_foundation: 2b6b4c569c0fb62ec74538f866245ac84301af46
  tts: 69e45dd79dd64c4aed848b392ee31238540a8c7c

PODFILE CHECKSUM: 4e8f8b2be68aeea4c0d5beb6ff1e79fface1d048

COCOAPODS: 1.16.2
