PODS:
  - Flutter (1.0.0)
  - onnxruntime-c (1.16.0)
  - onnxruntime-objc (1.16.0):
    - onnxruntime-objc/Core (= 1.16.0)
  - onnxruntime-objc/Core (1.16.0):
    - onnxruntime-c (= 1.16.0)
  - path_provider_ios (0.0.1):
    - Flutter
  - tts (1.0.0):
    - Flutter
    - onnxruntime-objc (~> 1.16.0)

DEPENDENCIES:
  - Flutter (from `Flutter`)
  - path_provider_ios (from `.symlinks/plugins/path_provider_ios/ios`)
  - tts (from `.symlinks/plugins/tts/ios`)

SPEC REPOS:
  trunk:
    - onnxruntime-c
    - onnxruntime-objc

EXTERNAL SOURCES:
  Flutter:
    :path: Flutter
  path_provider_ios:
    :path: ".symlinks/plugins/path_provider_ios/ios"
  tts:
    :path: ".symlinks/plugins/tts/ios"

SPEC CHECKSUMS:
  Flutter: f04841e97a9d0b0a8025694d0796dd46242b2854
  onnxruntime-c: 662b10c284364ccd6dcdbdb8f54f78092e7c62bc
  onnxruntime-objc: f867dd4220338dfd6e443f997ed7b84a83454f42
  path_provider_ios: 14f3d2fd28c4fdb42f44e0f751d12861c43cee02
  tts: 35ccddb170c9322592e24545a07c4c207b5efeaf

PODFILE CHECKSUM: 4e8f8b2be68aeea4c0d5beb6ff1e79fface1d048

COCOAPODS: 1.13.0
