PODS:
  - Flutter (1.0.0)
  - onnxruntime-c (1.22.0)
  - onnxruntime-objc (1.22.0):
    - onnxruntime-objc/Core (= 1.22.0)
  - onnxruntime-objc/Core (1.22.0):
    - onnxruntime-c (= 1.22.0)
  - path_provider_foundation (0.0.1):
    - Flutter
    - FlutterMacOS
  - tts (1.0.0):
    - Flutter
    - onnxruntime-objc (~> 1.22.0)

DEPENDENCIES:
  - Flutter (from `Flutter`)
  - path_provider_foundation (from `.symlinks/plugins/path_provider_foundation/darwin`)
  - tts (from `.symlinks/plugins/tts/ios`)

SPEC REPOS:
  trunk:
    - onnxruntime-c
    - onnxruntime-objc

EXTERNAL SOURCES:
  Flutter:
    :path: Flutter
  path_provider_foundation:
    :path: ".symlinks/plugins/path_provider_foundation/darwin"
  tts:
    :path: ".symlinks/plugins/tts/ios"

SPEC CHECKSUMS:
  Flutter: cabc95a1d2626b1b06e7179b784ebcf0c0cde467
  onnxruntime-c: 7f778680e96145956c0a31945f260321eed2611a
  onnxruntime-objc: 83d28b87525bd971259a66e153ea32b5d023de19
  path_provider_foundation: 080d55be775b7414fd5a5ef3ac137b97b097e564
  tts: 72d5ddf3bcd6cf2cf938c54137b8ae9b9adc7bd4

PODFILE CHECKSUM: 949015c4f2feabccb1eb00460c7ec10a1527e304

COCOAPODS: 1.16.2
